
Microsoft Visual Studio Solution File, Format Version 12.00
# Visual Studio 15
VisualStudioVersion = 15.0.27130.2024
MinimumVisualStudioVersion = 10.0.40219.1
Project("{FAE04EC0-301F-11D3-BF4B-00C04F79EFBC}") = "MVCMusicStoreApplication", "MVCMusicStoreApplication\MVCMusicStoreApplication.csproj", "{A5389DB6-73C1-4FAA-A8B1-EB49C38DF581}"
EndProject
Project("{FAE04EC0-301F-11D3-BF4B-00C04F79EFBC}") = "MVCMusicStoreApplication.Tests", "MVCMusicStoreApplication.Tests\MVCMusicStoreApplication.Tests.csproj", "{51F575B9-BA8F-4D39-8611-EDB113739F49}"
EndProject
Global
	GlobalSection(SolutionConfigurationPlatforms) = preSolution
		Debug|Any CPU = Debug|Any CPU
		Release|Any CPU = Release|Any CPU
	EndGlobalSection
	GlobalSection(ProjectConfigurationPlatforms) = postSolution
		{A5389DB6-73C1-4FAA-A8B1-EB49C38DF581}.Debug|Any CPU.ActiveCfg = Debug|Any CPU
		{A5389DB6-73C1-4FAA-A8B1-EB49C38DF581}.Debug|Any CPU.Build.0 = Debug|Any CPU
		{A5389DB6-73C1-4FAA-A8B1-EB49C38DF581}.Release|Any CPU.ActiveCfg = Release|Any CPU
		{A5389DB6-73C1-4FAA-A8B1-EB49C38DF581}.Release|Any CPU.Build.0 = Release|Any CPU
		{51F575B9-BA8F-4D39-8611-EDB113739F49}.Debug|Any CPU.ActiveCfg = Debug|Any CPU
		{51F575B9-BA8F-4D39-8611-EDB113739F49}.Debug|Any CPU.Build.0 = Debug|Any CPU
		{51F575B9-BA8F-4D39-8611-EDB113739F49}.Release|Any CPU.ActiveCfg = Release|Any CPU
		{51F575B9-BA8F-4D39-8611-EDB113739F49}.Release|Any CPU.Build.0 = Release|Any CPU
	EndGlobalSection
	GlobalSection(SolutionProperties) = preSolution
		HideSolutionNode = FALSE
	EndGlobalSection
	GlobalSection(ExtensibilityGlobals) = postSolution
		SolutionGuid = {0D53A3D9-9400-4C8A-B6FE-E2BEA47E3007}
	EndGlobalSection
EndGlobal
